
Microsoft Visual Studio Solution File, Format Version 12.00
# Visual Studio 2012
Project("{FAE04EC0-301F-11D3-BF4B-00C04F79EFBC}") = "File Name Parser", "File Name Parser\File Name Parser.csproj", "{8F531B01-8BDE-4DC9-B4C3-451D43A67741}"
EndProject
Project("{FAE04EC0-301F-11D3-BF4B-00C04F79EFBC}") = "UnitTests", "UnitTests\UnitTests.csproj", "{856F02E1-3EA8-4AC1-A38C-1EAA76FE2CD9}"
EndProject
Project("{FAE04EC0-301F-11D3-BF4B-00C04F79EFBC}") = "Fansub Organizational Utility", "Fansub Organizational Utility\Fansub Organizational Utility.csproj", "{1A64C0F5-29B0-461C-9051-60D66662C198}"
EndProject
Global
	GlobalSection(SolutionConfigurationPlatforms) = preSolution
		Debug|Any CPU = Debug|Any CPU
		Release|Any CPU = Release|Any CPU
	EndGlobalSection
	GlobalSection(ProjectConfigurationPlatforms) = postSolution
		{8F531B01-8BDE-4DC9-B4C3-451D43A67741}.Debug|Any CPU.ActiveCfg = Debug|Any CPU
		{8F531B01-8BDE-4DC9-B4C3-451D43A67741}.Debug|Any CPU.Build.0 = Debug|Any CPU
		{8F531B01-8BDE-4DC9-B4C3-451D43A67741}.Release|Any CPU.ActiveCfg = Release|Any CPU
		{8F531B01-8BDE-4DC9-B4C3-451D43A67741}.Release|Any CPU.Build.0 = Release|Any CPU
		{856F02E1-3EA8-4AC1-A38C-1EAA76FE2CD9}.Debug|Any CPU.ActiveCfg = Debug|Any CPU
		{856F02E1-3EA8-4AC1-A38C-1EAA76FE2CD9}.Debug|Any CPU.Build.0 = Debug|Any CPU
		{856F02E1-3EA8-4AC1-A38C-1EAA76FE2CD9}.Release|Any CPU.ActiveCfg = Release|Any CPU
		{856F02E1-3EA8-4AC1-A38C-1EAA76FE2CD9}.Release|Any CPU.Build.0 = Release|Any CPU
		{1A64C0F5-29B0-461C-9051-60D66662C198}.Debug|Any CPU.ActiveCfg = Debug|Any CPU
		{1A64C0F5-29B0-461C-9051-60D66662C198}.Debug|Any CPU.Build.0 = Debug|Any CPU
		{1A64C0F5-29B0-461C-9051-60D66662C198}.Release|Any CPU.ActiveCfg = Release|Any CPU
		{1A64C0F5-29B0-461C-9051-60D66662C198}.Release|Any CPU.Build.0 = Release|Any CPU
	EndGlobalSection
	GlobalSection(SolutionProperties) = preSolution
		HideSolutionNode = FALSE
	EndGlobalSection
EndGlobal
